
Microsoft Visual Studio Solution File, Format Version 12.00
# Visual Studio Version 17
VisualStudioVersion = 17.5.33502.453
MinimumVisualStudioVersion = 10.0.40219.1
Project("{FAE04EC0-301F-11D3-BF4B-00C04F79EFBC}") = "TraderLightControl", "TraderLightControl.csproj", "{E921AF30-45E6-4F67-8778-E805D5CB443B}"
EndProject
Global
	GlobalSection(SolutionConfigurationPlatforms) = preSolution
		Debug|x64 = Debug|x64
	EndGlobalSection
	GlobalSection(ProjectConfigurationPlatforms) = postSolution
		{E921AF30-45E6-4F67-8778-E805D5CB443B}.Debug|x64.ActiveCfg = Debug|x64
		{E921AF30-45E6-4F67-8778-E805D5CB443B}.Debug|x64.Build.0 = Debug|x64
	EndGlobalSection
	GlobalSection(SolutionProperties) = preSolution
		HideSolutionNode = FALSE
	EndGlobalSection
	GlobalSection(ExtensibilityGlobals) = postSolution
		SolutionGuid = {8A90438F-A057-428F-8B6C-CA239E787F11}
	EndGlobalSection
EndGlobal
