
Microsoft Visual Studio Solution File, Format Version 12.00
# Visual Studio Version 17
VisualStudioVersion = 17.5.33502.453
MinimumVisualStudioVersion = 10.0.40219.1
Project("{FAE04EC0-301F-11D3-BF4B-00C04F79EFBC}") = "WeaponsManager", "WeaponsManager.csproj", "{C85BE319-A614-4109-BA96-195B4A702EE5}"
EndProject
Global
	GlobalSection(SolutionConfigurationPlatforms) = preSolution
		Debug|x64 = Debug|x64
	EndGlobalSection
	GlobalSection(ProjectConfigurationPlatforms) = postSolution
		{C85BE319-A614-4109-BA96-195B4A702EE5}.Debug|x64.ActiveCfg = Debug|x64
		{C85BE319-A614-4109-BA96-195B4A702EE5}.Debug|x64.Build.0 = Debug|x64
	EndGlobalSection
	GlobalSection(SolutionProperties) = preSolution
		HideSolutionNode = FALSE
	EndGlobalSection
	GlobalSection(ExtensibilityGlobals) = postSolution
		SolutionGuid = {8A77E46B-128E-4455-B35F-9E559BEC791E}
	EndGlobalSection
EndGlobal
